# This file is autogenerated, do not edit; changes may be undone by the next 'dep ensure'.


[[projects]]
  name = "github.com/pkg/errors"
  packages = ["."]
  revision = "645ef00459ed84a119197bfb8d8205042c6df63d"
  version = "v0.8.0"

[[projects]]
  branch = "master"
  name = "github.com/vishvananda/netlink"
  packages = [".","nl"]
  revision = "177f1ceba557262b3f1c3aba4df93a29199fb4eb"

[[projects]]
  branch = "master"
  name = "github.com/vishvananda/netns"
  packages = ["."]
  revision = "86bef332bfc3b59b7624a600bd53009ce91a9829"

[solve-meta]
  analyzer-name = "dep"
  analyzer-version = 1
  inputs-digest = "f05aca0e8cafa8e762e9442df74a185433c935bb6c46e580fe8575f20365af70"
  solver-name = "gps-cdcl"
  solver-version = 1
