# This file is autogenerated, do not edit; changes may be undone by the next 'dep ensure'.


[[projects]]
  branch = "master"
  name = "github.com/vishvananda/netlink"
  packages = [".","nl"]
  revision = "177f1ceba557262b3f1c3aba4df93a29199fb4eb"

[[projects]]
  branch = "master"
  name = "github.com/vishvananda/netns"
  packages = ["."]
  revision = "86bef332bfc3b59b7624a600bd53009ce91a9829"

[solve-meta]
  analyzer-name = "dep"
  analyzer-version = 1
  inputs-digest = "2223327d0459e119e847a34fb3ecd5d851a66f22d1c65bbd0e2e35387f4ceed4"
  solver-name = "gps-cdcl"
  solver-version = 1
